github.com/akutz/sortfold v0.2.1 h1:u9x3FC6oM+6gZKEVNRnmVafJgappwrv9YqpELQCYViI=
github.com/akutz/sortfold v0.2.1/go.mod h1:m1NArmessx+/3z2N8MiiTjq79A3WwZwDDiZ7eeD4jHA=
github.com/lxn/walk v0.0.0-20190605135739-7223200e844a h1:CtnHTpYxiq8reYXJtZd1eUor+NEN29ZLHHT3z3nFams=
github.com/lxn/walk v0.0.0-20190605135739-7223200e844a/go.mod h1:E23UucZGqpuUANJooIbHWCufXvOcT6E7Stq81gU+CSQ=
github.com/lxn/walk v0.0.0-20191128110447-55ccb3a9f5c1 h1:/QwQcwWVOQXcoNuV9tHx30gQ3q7jCE/rKcGjwzsa5tg=
github.com/lxn/walk v0.0.0-20191128110447-55ccb3a9f5c1/go.mod h1:E23UucZGqpuUANJooIbHWCufXvOcT6E7Stq81gU+CSQ=
github.com/lxn/win v0.0.0-20190529120726-270e6e4be94d h1:SJyuddpDtiXMTcJmzC0OuphQdSZCabKW4iQWSE9FFR4=
github.com/lxn/win v0.0.0-20190529120726-270e6e4be94d/go.mod h1:oO6+4g3P1GcPAG7LPffwn8Ye0cxW0goh0sUZ6+lRFPs=
github.com/lxn/win v0.0.0-20191128105842-2da648fda5b4 h1:5BmtGkQbch91lglMHQ9JIDGiYCL3kBRBA0ItZTvOcEI=
github.com/lxn/win v0.0.0-20191128105842-2da648fda5b4/go.mod h1:ouWl4wViUNh8tPSIwxTVMuS014WakR1hqvBc2I0bMoA=
github.com/machinebox/progress v0.2.0 h1:7z8+w32Gy1v8S6VvDoOPPBah3nLqdKjr3GUly18P8Qo=
github.com/machinebox/progress v0.2.0/go.mod h1:hl4FywxSjfmkmCrersGhmJH7KwuKl+Ueq9BXkOny+iE=
github.com/matryer/is v1.2.0 h1:92UTHpy8CDwaJ08GqLDzhhuixiBUUD1p3AU6PHddz4A=
github.com/matryer/is v1.2.0/go.mod h1:2fLPjFQM9rhQ15aVEtbuwhJinnOqrmgXPNdZsdwlWXA=
golang.org/x/sys v0.0.0-20190904154756-749cb33beabd/go.mod h1:h1NjWce9XRLGQEsW7wpKNCjG9DtNlClVuFLEZdDNbEs=
golang.org/x/sys v0.0.0-20191206220618-eeba5f6aabab h1:FvshnhkKW+LO3HWHodML8kuVX8rnJTxKm9dFPuI68UM=
golang.org/x/sys v0.0.0-20191206220618-eeba5f6aabab/go.mod h1:h1NjWce9XRLGQEsW7wpKNCjG9DtNlClVuFLEZdDNbEs=
golang.org/x/sys v0.0.0-20200331124033-c3d80250170d h1:nc5K6ox/4lTFbMVSL9WRR81ixkcwXThoiF6yf+R9scA=
golang.org/x/sys v0.0.0-20200331124033-c3d80250170d/go.mod h1:h1NjWce9XRLGQEsW7wpKNCjG9DtNlClVuFLEZdDNbEs=
golang.org/x/text v0.3.2 h1:tW2bmiBqwgJj/UpqtC8EpXEZVYOwU0yG4iWbprSVAcs=
golang.org/x/text v0.3.2/go.mod h1:bEr9sfX3Q8Zfm5fL9x+3itogRgK3+ptLWKqgva+5dAk=
golang.org/x/tools v0.0.0-20180917221912-90fa682c2a6e/go.mod h1:n7NCudcB/nEzxVGmLbDWY5pfWTLqBcC2KZ6jyYvM4mQ=
gopkg.in/Knetic/govaluate.v3 v3.0.0 h1:18mUyIt4ZlRlFZAAfVetz4/rzlJs9yhN+U02F4u1AOc=
gopkg.in/Knetic/govaluate.v3 v3.0.0/go.mod h1:csKLBORsPbafmSCGTEh3U7Ozmsuq8ZSIlKk1bcqph0E=
